
Microsoft Visual Studio Solution File, Format Version 12.00
# Visual Studio Version 17
VisualStudioVersion = 17.11.35327.3
MinimumVisualStudioVersion = 10.0.40219.1
Project("{FAE04EC0-301F-11D3-BF4B-00C04F79EFBC}") = "Wedding", "Wedding.csproj", "{2ED88ED8-A039-4C2A-BE8D-6B51C702F131}"
EndProject
Global
	GlobalSection(SolutionConfigurationPlatforms) = preSolution
		Debug|Any CPU = Debug|Any CPU
		Release|Any CPU = Release|Any CPU
	EndGlobalSection
	GlobalSection(ProjectConfigurationPlatforms) = postSolution
		{2ED88ED8-A039-4C2A-BE8D-6B51C702F131}.Debug|Any CPU.ActiveCfg = Debug|Any CPU
		{2ED88ED8-A039-4C2A-BE8D-6B51C702F131}.Debug|Any CPU.Build.0 = Debug|Any CPU
		{2ED88ED8-A039-4C2A-BE8D-6B51C702F131}.Release|Any CPU.ActiveCfg = Release|Any CPU
		{2ED88ED8-A039-4C2A-BE8D-6B51C702F131}.Release|Any CPU.Build.0 = Release|Any CPU
	EndGlobalSection
	GlobalSection(SolutionProperties) = preSolution
		HideSolutionNode = FALSE
	EndGlobalSection
	GlobalSection(ExtensibilityGlobals) = postSolution
		SolutionGuid = {0B17C9D4-62A5-4CCF-92AE-7F6B48CFC630}
	EndGlobalSection
EndGlobal
